
Microsoft Visual Studio Solution File, Format Version 12.00
# Visual Studio Version 17
VisualStudioVersion = 17.11.35312.102
MinimumVisualStudioVersion = 10.0.40219.1
Project("{FAE04EC0-301F-11D3-BF4B-00C04F79EFBC}") = "PokemonCard", "PokemonCard\PokemonCard.csproj", "{3594D258-5103-4E1D-A6C1-5AB94AC9CF29}"
EndProject
Global
	GlobalSection(SolutionConfigurationPlatforms) = preSolution
		Debug|Any CPU = Debug|Any CPU
		Release|Any CPU = Release|Any CPU
	EndGlobalSection
	GlobalSection(ProjectConfigurationPlatforms) = postSolution
		{3594D258-5103-4E1D-A6C1-5AB94AC9CF29}.Debug|Any CPU.ActiveCfg = Debug|Any CPU
		{3594D258-5103-4E1D-A6C1-5AB94AC9CF29}.Debug|Any CPU.Build.0 = Debug|Any CPU
		{3594D258-5103-4E1D-A6C1-5AB94AC9CF29}.Release|Any CPU.ActiveCfg = Release|Any CPU
		{3594D258-5103-4E1D-A6C1-5AB94AC9CF29}.Release|Any CPU.Build.0 = Release|Any CPU
	EndGlobalSection
	GlobalSection(SolutionProperties) = preSolution
		HideSolutionNode = FALSE
	EndGlobalSection
	GlobalSection(ExtensibilityGlobals) = postSolution
		SolutionGuid = {5DA7C0F3-6D47-4667-B3B4-168B94B85797}
	EndGlobalSection
EndGlobal
